
Microsoft Visual Studio Solution File, Format Version 12.00
# Visual Studio Version 16
VisualStudioVersion = 16.0.30907.101
MinimumVisualStudioVersion = 10.0.40219.1
Project("{FAE04EC0-301F-11D3-BF4B-00C04F79EFBC}") = "Matematik", "Matematik\Matematik.csproj", "{7BC2BC51-A9CC-4172-A4C9-0C930D396011}"
EndProject
Project("{FAE04EC0-301F-11D3-BF4B-00C04F79EFBC}") = "DegerVeReferanTipler", "..\ConsoleApp2\DegerVeReferanTipler.csproj", "{C3E69D25-4905-4CA3-86FE-D499F7CF0A68}"
EndProject
Global
	GlobalSection(SolutionConfigurationPlatforms) = preSolution
		Debug|Any CPU = Debug|Any CPU
		Release|Any CPU = Release|Any CPU
	EndGlobalSection
	GlobalSection(ProjectConfigurationPlatforms) = postSolution
		{7BC2BC51-A9CC-4172-A4C9-0C930D396011}.Debug|Any CPU.ActiveCfg = Debug|Any CPU
		{7BC2BC51-A9CC-4172-A4C9-0C930D396011}.Debug|Any CPU.Build.0 = Debug|Any CPU
		{7BC2BC51-A9CC-4172-A4C9-0C930D396011}.Release|Any CPU.ActiveCfg = Release|Any CPU
		{7BC2BC51-A9CC-4172-A4C9-0C930D396011}.Release|Any CPU.Build.0 = Release|Any CPU
		{C3E69D25-4905-4CA3-86FE-D499F7CF0A68}.Debug|Any CPU.ActiveCfg = Debug|Any CPU
		{C3E69D25-4905-4CA3-86FE-D499F7CF0A68}.Debug|Any CPU.Build.0 = Debug|Any CPU
		{C3E69D25-4905-4CA3-86FE-D499F7CF0A68}.Release|Any CPU.ActiveCfg = Release|Any CPU
		{C3E69D25-4905-4CA3-86FE-D499F7CF0A68}.Release|Any CPU.Build.0 = Release|Any CPU
	EndGlobalSection
	GlobalSection(SolutionProperties) = preSolution
		HideSolutionNode = FALSE
	EndGlobalSection
	GlobalSection(ExtensibilityGlobals) = postSolution
		SolutionGuid = {25D6BF6D-6B60-4B3E-9277-B7880A788ECA}
	EndGlobalSection
EndGlobal
